<?xml version="1.0" encoding="utf-8"?>
<Project ToolsVersion="4.0" xmlns="http://schemas.microsoft.com/developer/msbuild/2003">
  <ItemGroup>
    <ClCompile Include="OpenVRStereoDevice.cpp" />
    <ClCompile Include="Stereo_UserHMD.cpp" />
    <ClCompile Include="Util.cpp" />
    <ClCompile Include="..\Common\EntityController.cpp">
      <Filter>common</Filter>
    </ClCompile>
    <ClCompile Include="..\Common\NavigationHelper.cpp">
      <Filter>common</Filter>
    </ClCompile>
  </ItemGroup>
  <ItemGroup>
    <ClInclude Include="OpenVRStereoDevice.h" />
    <ClInclude Include="stdafx.h" />
    <ClInclude Include="Util.h" />
    <ClInclude Include="..\Common\EntityController.h">
      <Filter>common</Filter>
    </ClInclude>
    <ClInclude Include="..\Common\NavigationHelper.h">
      <Filter>common</Filter>
    </ClInclude>
  </ItemGroup>
  <ItemGroup>
    <Filter Include="common">
      <UniqueIdentifier>{5f1d63e1-5d8e-4739-b872-d5809bd61a10}</UniqueIdentifier>
    </Filter>
  </ItemGroup>
</Project>