<?xml version="1.0" encoding="utf-8"?>
<Project ToolsVersion="4.0" xmlns="http://schemas.microsoft.com/developer/msbuild/2003">
  <ItemGroup>
    <Filter Include="Common">
      <UniqueIdentifier>{fbba63a4-64f2-4a7d-952a-e559cb9e9c34}</UniqueIdentifier>
    </Filter>
  </ItemGroup>
  <ItemGroup>
    <ClCompile Include="..\Common\IdentifyVector.cpp">
      <Filter>Common</Filter>
    </ClCompile>
    <ClCompile Include="..\Common\NavigationHelper.cpp">
      <Filter>Common</Filter>
    </ClCompile>
    <ClCompile Include="SmokeController.cpp" />
    <ClCompile Include="SmokeRepresentations.cpp" />
    <ClCompile Include="stdafx.cpp" />
  </ItemGroup>
  <ItemGroup>
    <ClInclude Include="..\Common\IdentifyVector.h">
      <Filter>Common</Filter>
    </ClInclude>
    <ClInclude Include="..\Common\NavigationHelper.h">
      <Filter>Common</Filter>
    </ClInclude>
    <ClInclude Include="SmokeController.h" />
    <ClInclude Include="stdafx.h" />
  </ItemGroup>
</Project>