<?xml version="1.0" encoding="utf-8"?>
<Project ToolsVersion="4.0" xmlns="http://schemas.microsoft.com/developer/msbuild/2003">
  <ItemGroup>
    <Filter Include="Source Files">
      <UniqueIdentifier>{C1A0D602-2BCE-4CCB-9DD5-384DF3883E23}</UniqueIdentifier>
      <Extensions>cpp;c;cc;cxx;def;odl;idl;hpj;bat;asm;asmx</Extensions>
    </Filter>
    <Filter Include="Common">
      <UniqueIdentifier>{64F3C0EE-485F-48DD-AC07-97A29636F9B5}</UniqueIdentifier>
    </Filter>
  </ItemGroup>
  <ItemGroup>
    <ClCompile Include="..\Common\NavigationHelper.cpp">
      <Filter>Common</Filter>
    </ClCompile>
    <ClCompile Include="MiniEngine.cpp">
      <Filter>Source Files</Filter>
    </ClCompile>
    <ClCompile Include="main.cpp">
      <Filter>Source Files</Filter>
    </ClCompile>
  </ItemGroup>
  <ItemGroup>
    <ClInclude Include="..\Common\NavigationHelper.h">
      <Filter>Common</Filter>
    </ClInclude>
    <ClInclude Include="MiniEngine.h">
      <Filter>Source Files</Filter>
    </ClInclude>
  </ItemGroup>
</Project>